
Microsoft Visual Studio Solution File, Format Version 12.00
# Visual Studio Version 16
VisualStudioVersion = 16.0.28803.452
MinimumVisualStudioVersion = 10.0.40219.1
Project("{2150E333-8FDC-42A3-9474-1A3956D46DE8}") = "Extensibility", "Extensibility", "{479FE062-32E7-4EA3-AFCF-E368F593ECE8}"
EndProject
Project("{2150E333-8FDC-42A3-9474-1A3956D46DE8}") = "Design Patterns", "Design Patterns", "{FC9193F0-31CA-4E13-ABAF-62FF46F3E275}"
EndProject
Project("{9A19103F-16F7-4668-BE54-9A1E7A4F7556}") = "DesignPatterns", "DesignPatterns\DesignPatterns.csproj", "{52FC9A21-351B-4976-B769-32BBA8BCEF9E}"
EndProject
Project("{2150E333-8FDC-42A3-9474-1A3956D46DE8}") = "IoC", "IoC", "{4E2744FB-3CFA-4C23-AB58-61FA37246F76}"
EndProject
Project("{9A19103F-16F7-4668-BE54-9A1E7A4F7556}") = "InversionOfControl", "InversionOfControl\InversionOfControl.csproj", "{83770013-092C-4AB2-A184-44B01B297432}"
EndProject
Project("{9A19103F-16F7-4668-BE54-9A1E7A4F7556}") = "ExtensibilityWithoutMEF", "Extensibility\WithoutMEF\ExtensibilityWithoutMEF.csproj", "{D46EB7B5-502F-4387-BDAD-E9E156E7B46F}"
EndProject
Project("{9A19103F-16F7-4668-BE54-9A1E7A4F7556}") = "WithMEF", "Extensibility\WithMEF\WithMEF.csproj", "{3BBD97C6-FE93-4E71-A537-BF279F92D0C9}"
EndProject
Project("{2150E333-8FDC-42A3-9474-1A3956D46DE8}") = "AOP", "AOP", "{70A53B53-EFBD-4B7E-99F1-FBA22903C3BF}"
EndProject
Project("{9A19103F-16F7-4668-BE54-9A1E7A4F7556}") = "PostSharpExample", "AOP\PostSharpExample\PostSharpExample.csproj", "{AFB06C3B-BC6E-4566-A604-919BCD23EE39}"
EndProject
Project("{2150E333-8FDC-42A3-9474-1A3956D46DE8}") = "VisualStudio", "VisualStudio", "{08E41892-16F0-4091-BD8C-83734E982FCB}"
EndProject
Project("{FAE04EC0-301F-11D3-BF4B-00C04F79EFBC}") = "VisualStudioArchitecture", "VisualStudio\VisualStudioArchitecture\VisualStudioArchitecture.csproj", "{60B06209-E8E8-49F7-8B37-E6C39339C11C}"
EndProject
Project("{F088123C-0E9E-452A-89E6-6BA2F21D5CAC}") = "DependencyValidationExample", "VisualStudio\DependencyValidationExample\DependencyValidationExample.modelproj", "{08D619CF-01AA-45D9-A17A-17CD45247EAE}"
EndProject
Project("{9A19103F-16F7-4668-BE54-9A1E7A4F7556}") = "VisualStudioArchitectureCore", "VisualStudio\VisualStudioArchitectureCore\VisualStudioArchitectureCore.csproj", "{4F748E16-A43D-4519-8BC9-8C216F7BC4A1}"
EndProject
Project("{2150E333-8FDC-42A3-9474-1A3956D46DE8}") = "Creation", "Creation", "{65CAA927-EFC1-4ABB-80AA-D992CA6FFDE2}"
EndProject
Project("{2150E333-8FDC-42A3-9474-1A3956D46DE8}") = "Behavior", "Behavior", "{F874D7E7-3803-4060-9C63-CBC961B18809}"
EndProject
Project("{2150E333-8FDC-42A3-9474-1A3956D46DE8}") = "Structure", "Structure", "{098994BD-CF2E-41A6-B35C-9906E8A88EE7}"
EndProject
Project("{2150E333-8FDC-42A3-9474-1A3956D46DE8}") = "Exercices", "Exercices", "{1D8AD792-5E8D-42F0-87FD-257F3FE034B4}"
EndProject
Project("{9A19103F-16F7-4668-BE54-9A1E7A4F7556}") = "MicroORMSample", "Exercices\MicroORMSample\MicroORMSample.csproj", "{B433949B-8159-4DB1-80E6-34111078BAA1}"
EndProject
Project("{2150E333-8FDC-42A3-9474-1A3956D46DE8}") = "Messaging", "Messaging", "{4A7CEE9A-AB22-4626-AFC5-DCB6C2283875}"
EndProject
Project("{9A19103F-16F7-4668-BE54-9A1E7A4F7556}") = "Client", "Exercices\Messaging\Client\Client.csproj", "{65946483-E469-40F5-B6EA-5448279077D6}"
EndProject
Project("{9A19103F-16F7-4668-BE54-9A1E7A4F7556}") = "Server", "Exercices\Messaging\Server\Server.csproj", "{86A66DF0-7AEF-4402-8471-A059D3E3B1A1}"
EndProject
Project("{9A19103F-16F7-4668-BE54-9A1E7A4F7556}") = "Common", "Exercices\Messaging\Common\Common.csproj", "{B7F3A621-4EB5-4947-BD15-205F035D423C}"
EndProject
Project("{9A19103F-16F7-4668-BE54-9A1E7A4F7556}") = "MicroORM.Common", "Exercices\MicroORM.Common\MicroORM.Common.csproj", "{89141CA5-EE86-4A14-B803-CB714F7BE06E}"
EndProject
Project("{2150E333-8FDC-42A3-9474-1A3956D46DE8}") = "CLI", "CLI", "{DD6BF006-4D7F-40FB-AE13-43E0FD890927}"
EndProject
Project("{FAE04EC0-301F-11D3-BF4B-00C04F79EFBC}") = "ExampleMappingCLI", "CLI\ExampleMappingCLI\ExampleMappingCLI.csproj", "{E552DE85-6C5F-444C-A6DB-E730F343DED8}"
EndProject
Project("{FAE04EC0-301F-11D3-BF4B-00C04F79EFBC}") = "ExampleMappingCLI.Client", "CLI\ExampleMappingCLI.Client\ExampleMappingCLI.Client.csproj", "{D3C84040-2707-4350-8547-2BFF2C03D51E}"
EndProject
Project("{9A19103F-16F7-4668-BE54-9A1E7A4F7556}") = "ExampleMappingCLI.Common", "CLI\ExampleMappingCLI.Common\ExampleMappingCLI.Common.csproj", "{8014A43B-F883-4F90-96E3-D5A4E6D78521}"
EndProject
Project("{2150E333-8FDC-42A3-9474-1A3956D46DE8}") = "CLR", "CLR", "{8B7B18FB-5105-4E15-BF5C-22124C9A5035}"
EndProject
Project("{FAE04EC0-301F-11D3-BF4B-00C04F79EFBC}") = "CLR-CS", "CLR\CLR-CS\CLR-CS.csproj", "{B26F4229-87E2-4156-BCF5-A2CCFDCD6507}"
EndProject
Project("{F184B08F-C81C-45F6-A57F-5ABD9991F28F}") = "CLR-VB", "CLR\CLR-VB\CLR-VB.vbproj", "{0168E58A-61E9-4BA3-B6C9-CB6A4FF831BD}"
EndProject
Global
	GlobalSection(SolutionConfigurationPlatforms) = preSolution
		Debug|Any CPU = Debug|Any CPU
		Release|Any CPU = Release|Any CPU
	EndGlobalSection
	GlobalSection(ProjectConfigurationPlatforms) = postSolution
		{52FC9A21-351B-4976-B769-32BBA8BCEF9E}.Debug|Any CPU.ActiveCfg = Debug|Any CPU
		{52FC9A21-351B-4976-B769-32BBA8BCEF9E}.Debug|Any CPU.Build.0 = Debug|Any CPU
		{52FC9A21-351B-4976-B769-32BBA8BCEF9E}.Release|Any CPU.ActiveCfg = Release|Any CPU
		{52FC9A21-351B-4976-B769-32BBA8BCEF9E}.Release|Any CPU.Build.0 = Release|Any CPU
		{83770013-092C-4AB2-A184-44B01B297432}.Debug|Any CPU.ActiveCfg = Debug|Any CPU
		{83770013-092C-4AB2-A184-44B01B297432}.Debug|Any CPU.Build.0 = Debug|Any CPU
		{83770013-092C-4AB2-A184-44B01B297432}.Release|Any CPU.ActiveCfg = Release|Any CPU
		{83770013-092C-4AB2-A184-44B01B297432}.Release|Any CPU.Build.0 = Release|Any CPU
		{D46EB7B5-502F-4387-BDAD-E9E156E7B46F}.Debug|Any CPU.ActiveCfg = Debug|Any CPU
		{D46EB7B5-502F-4387-BDAD-E9E156E7B46F}.Debug|Any CPU.Build.0 = Debug|Any CPU
		{D46EB7B5-502F-4387-BDAD-E9E156E7B46F}.Release|Any CPU.ActiveCfg = Release|Any CPU
		{D46EB7B5-502F-4387-BDAD-E9E156E7B46F}.Release|Any CPU.Build.0 = Release|Any CPU
		{3BBD97C6-FE93-4E71-A537-BF279F92D0C9}.Debug|Any CPU.ActiveCfg = Debug|Any CPU
		{3BBD97C6-FE93-4E71-A537-BF279F92D0C9}.Debug|Any CPU.Build.0 = Debug|Any CPU
		{3BBD97C6-FE93-4E71-A537-BF279F92D0C9}.Release|Any CPU.ActiveCfg = Release|Any CPU
		{3BBD97C6-FE93-4E71-A537-BF279F92D0C9}.Release|Any CPU.Build.0 = Release|Any CPU
		{AFB06C3B-BC6E-4566-A604-919BCD23EE39}.Debug|Any CPU.ActiveCfg = Debug|Any CPU
		{AFB06C3B-BC6E-4566-A604-919BCD23EE39}.Debug|Any CPU.Build.0 = Debug|Any CPU
		{AFB06C3B-BC6E-4566-A604-919BCD23EE39}.Release|Any CPU.ActiveCfg = Release|Any CPU
		{AFB06C3B-BC6E-4566-A604-919BCD23EE39}.Release|Any CPU.Build.0 = Release|Any CPU
		{60B06209-E8E8-49F7-8B37-E6C39339C11C}.Debug|Any CPU.ActiveCfg = Debug|Any CPU
		{60B06209-E8E8-49F7-8B37-E6C39339C11C}.Debug|Any CPU.Build.0 = Debug|Any CPU
		{60B06209-E8E8-49F7-8B37-E6C39339C11C}.Release|Any CPU.ActiveCfg = Release|Any CPU
		{60B06209-E8E8-49F7-8B37-E6C39339C11C}.Release|Any CPU.Build.0 = Release|Any CPU
		{08D619CF-01AA-45D9-A17A-17CD45247EAE}.Debug|Any CPU.ActiveCfg = Debug|Any CPU
		{08D619CF-01AA-45D9-A17A-17CD45247EAE}.Debug|Any CPU.Build.0 = Debug|Any CPU
		{08D619CF-01AA-45D9-A17A-17CD45247EAE}.Release|Any CPU.ActiveCfg = Release|Any CPU
		{08D619CF-01AA-45D9-A17A-17CD45247EAE}.Release|Any CPU.Build.0 = Release|Any CPU
		{4F748E16-A43D-4519-8BC9-8C216F7BC4A1}.Debug|Any CPU.ActiveCfg = Debug|Any CPU
		{4F748E16-A43D-4519-8BC9-8C216F7BC4A1}.Debug|Any CPU.Build.0 = Debug|Any CPU
		{4F748E16-A43D-4519-8BC9-8C216F7BC4A1}.Release|Any CPU.ActiveCfg = Release|Any CPU
		{4F748E16-A43D-4519-8BC9-8C216F7BC4A1}.Release|Any CPU.Build.0 = Release|Any CPU
		{B433949B-8159-4DB1-80E6-34111078BAA1}.Debug|Any CPU.ActiveCfg = Debug|Any CPU
		{B433949B-8159-4DB1-80E6-34111078BAA1}.Debug|Any CPU.Build.0 = Debug|Any CPU
		{B433949B-8159-4DB1-80E6-34111078BAA1}.Release|Any CPU.ActiveCfg = Release|Any CPU
		{B433949B-8159-4DB1-80E6-34111078BAA1}.Release|Any CPU.Build.0 = Release|Any CPU
		{65946483-E469-40F5-B6EA-5448279077D6}.Debug|Any CPU.ActiveCfg = Debug|Any CPU
		{65946483-E469-40F5-B6EA-5448279077D6}.Debug|Any CPU.Build.0 = Debug|Any CPU
		{65946483-E469-40F5-B6EA-5448279077D6}.Release|Any CPU.ActiveCfg = Release|Any CPU
		{65946483-E469-40F5-B6EA-5448279077D6}.Release|Any CPU.Build.0 = Release|Any CPU
		{86A66DF0-7AEF-4402-8471-A059D3E3B1A1}.Debug|Any CPU.ActiveCfg = Debug|Any CPU
		{86A66DF0-7AEF-4402-8471-A059D3E3B1A1}.Debug|Any CPU.Build.0 = Debug|Any CPU
		{86A66DF0-7AEF-4402-8471-A059D3E3B1A1}.Release|Any CPU.ActiveCfg = Release|Any CPU
		{86A66DF0-7AEF-4402-8471-A059D3E3B1A1}.Release|Any CPU.Build.0 = Release|Any CPU
		{B7F3A621-4EB5-4947-BD15-205F035D423C}.Debug|Any CPU.ActiveCfg = Debug|Any CPU
		{B7F3A621-4EB5-4947-BD15-205F035D423C}.Debug|Any CPU.Build.0 = Debug|Any CPU
		{B7F3A621-4EB5-4947-BD15-205F035D423C}.Release|Any CPU.ActiveCfg = Release|Any CPU
		{B7F3A621-4EB5-4947-BD15-205F035D423C}.Release|Any CPU.Build.0 = Release|Any CPU
		{89141CA5-EE86-4A14-B803-CB714F7BE06E}.Debug|Any CPU.ActiveCfg = Debug|Any CPU
		{89141CA5-EE86-4A14-B803-CB714F7BE06E}.Debug|Any CPU.Build.0 = Debug|Any CPU
		{89141CA5-EE86-4A14-B803-CB714F7BE06E}.Release|Any CPU.ActiveCfg = Release|Any CPU
		{89141CA5-EE86-4A14-B803-CB714F7BE06E}.Release|Any CPU.Build.0 = Release|Any CPU
		{E552DE85-6C5F-444C-A6DB-E730F343DED8}.Debug|Any CPU.ActiveCfg = Debug|Any CPU
		{E552DE85-6C5F-444C-A6DB-E730F343DED8}.Debug|Any CPU.Build.0 = Debug|Any CPU
		{E552DE85-6C5F-444C-A6DB-E730F343DED8}.Release|Any CPU.ActiveCfg = Release|Any CPU
		{E552DE85-6C5F-444C-A6DB-E730F343DED8}.Release|Any CPU.Build.0 = Release|Any CPU
		{D3C84040-2707-4350-8547-2BFF2C03D51E}.Debug|Any CPU.ActiveCfg = Debug|Any CPU
		{D3C84040-2707-4350-8547-2BFF2C03D51E}.Debug|Any CPU.Build.0 = Debug|Any CPU
		{D3C84040-2707-4350-8547-2BFF2C03D51E}.Release|Any CPU.ActiveCfg = Release|Any CPU
		{D3C84040-2707-4350-8547-2BFF2C03D51E}.Release|Any CPU.Build.0 = Release|Any CPU
		{8014A43B-F883-4F90-96E3-D5A4E6D78521}.Debug|Any CPU.ActiveCfg = Debug|Any CPU
		{8014A43B-F883-4F90-96E3-D5A4E6D78521}.Debug|Any CPU.Build.0 = Debug|Any CPU
		{8014A43B-F883-4F90-96E3-D5A4E6D78521}.Release|Any CPU.ActiveCfg = Release|Any CPU
		{8014A43B-F883-4F90-96E3-D5A4E6D78521}.Release|Any CPU.Build.0 = Release|Any CPU
		{B26F4229-87E2-4156-BCF5-A2CCFDCD6507}.Debug|Any CPU.ActiveCfg = Debug|Any CPU
		{B26F4229-87E2-4156-BCF5-A2CCFDCD6507}.Debug|Any CPU.Build.0 = Debug|Any CPU
		{B26F4229-87E2-4156-BCF5-A2CCFDCD6507}.Release|Any CPU.ActiveCfg = Release|Any CPU
		{B26F4229-87E2-4156-BCF5-A2CCFDCD6507}.Release|Any CPU.Build.0 = Release|Any CPU
		{0168E58A-61E9-4BA3-B6C9-CB6A4FF831BD}.Debug|Any CPU.ActiveCfg = Debug|Any CPU
		{0168E58A-61E9-4BA3-B6C9-CB6A4FF831BD}.Debug|Any CPU.Build.0 = Debug|Any CPU
		{0168E58A-61E9-4BA3-B6C9-CB6A4FF831BD}.Release|Any CPU.ActiveCfg = Release|Any CPU
		{0168E58A-61E9-4BA3-B6C9-CB6A4FF831BD}.Release|Any CPU.Build.0 = Release|Any CPU
	EndGlobalSection
	GlobalSection(SolutionProperties) = preSolution
		HideSolutionNode = FALSE
	EndGlobalSection
	GlobalSection(NestedProjects) = preSolution
		{52FC9A21-351B-4976-B769-32BBA8BCEF9E} = {FC9193F0-31CA-4E13-ABAF-62FF46F3E275}
		{83770013-092C-4AB2-A184-44B01B297432} = {4E2744FB-3CFA-4C23-AB58-61FA37246F76}
		{D46EB7B5-502F-4387-BDAD-E9E156E7B46F} = {479FE062-32E7-4EA3-AFCF-E368F593ECE8}
		{3BBD97C6-FE93-4E71-A537-BF279F92D0C9} = {479FE062-32E7-4EA3-AFCF-E368F593ECE8}
		{AFB06C3B-BC6E-4566-A604-919BCD23EE39} = {70A53B53-EFBD-4B7E-99F1-FBA22903C3BF}
		{60B06209-E8E8-49F7-8B37-E6C39339C11C} = {08E41892-16F0-4091-BD8C-83734E982FCB}
		{08D619CF-01AA-45D9-A17A-17CD45247EAE} = {08E41892-16F0-4091-BD8C-83734E982FCB}
		{4F748E16-A43D-4519-8BC9-8C216F7BC4A1} = {08E41892-16F0-4091-BD8C-83734E982FCB}
		{65CAA927-EFC1-4ABB-80AA-D992CA6FFDE2} = {FC9193F0-31CA-4E13-ABAF-62FF46F3E275}
		{F874D7E7-3803-4060-9C63-CBC961B18809} = {FC9193F0-31CA-4E13-ABAF-62FF46F3E275}
		{098994BD-CF2E-41A6-B35C-9906E8A88EE7} = {FC9193F0-31CA-4E13-ABAF-62FF46F3E275}
		{B433949B-8159-4DB1-80E6-34111078BAA1} = {1D8AD792-5E8D-42F0-87FD-257F3FE034B4}
		{4A7CEE9A-AB22-4626-AFC5-DCB6C2283875} = {1D8AD792-5E8D-42F0-87FD-257F3FE034B4}
		{65946483-E469-40F5-B6EA-5448279077D6} = {4A7CEE9A-AB22-4626-AFC5-DCB6C2283875}
		{86A66DF0-7AEF-4402-8471-A059D3E3B1A1} = {4A7CEE9A-AB22-4626-AFC5-DCB6C2283875}
		{B7F3A621-4EB5-4947-BD15-205F035D423C} = {4A7CEE9A-AB22-4626-AFC5-DCB6C2283875}
		{89141CA5-EE86-4A14-B803-CB714F7BE06E} = {1D8AD792-5E8D-42F0-87FD-257F3FE034B4}
		{E552DE85-6C5F-444C-A6DB-E730F343DED8} = {DD6BF006-4D7F-40FB-AE13-43E0FD890927}
		{D3C84040-2707-4350-8547-2BFF2C03D51E} = {DD6BF006-4D7F-40FB-AE13-43E0FD890927}
		{8014A43B-F883-4F90-96E3-D5A4E6D78521} = {DD6BF006-4D7F-40FB-AE13-43E0FD890927}
		{B26F4229-87E2-4156-BCF5-A2CCFDCD6507} = {8B7B18FB-5105-4E15-BF5C-22124C9A5035}
		{0168E58A-61E9-4BA3-B6C9-CB6A4FF831BD} = {8B7B18FB-5105-4E15-BF5C-22124C9A5035}
	EndGlobalSection
	GlobalSection(ExtensibilityGlobals) = postSolution
		SolutionGuid = {F0EB1BC1-AA01-493F-9397-A01DC0A21ED4}
	EndGlobalSection
EndGlobal
